
Microsoft Visual Studio Solution File, Format Version 12.00
# Visual Studio Version 16
VisualStudioVersion = 16.0.32228.343
MinimumVisualStudioVersion = 10.0.40219.1
Project("{FAE04EC0-301F-11D3-BF4B-00C04F79EFBC}") = "ASP-chat", "ASP-chat.csproj", "{8EF5A0A6-0259-4FEF-A8AB-E3AF5F2093EC}"
	ProjectSection(ProjectDependencies) = postProject
		{563819C5-0C51-4218-ACA0-5CAF341F883E} = {563819C5-0C51-4218-ACA0-5CAF341F883E}
	EndProjectSection
EndProject
Project("{FAE04EC0-301F-11D3-BF4B-00C04F79EFBC}") = "WcfService1", "..\WcfService1\WcfService1.csproj", "{563819C5-0C51-4218-ACA0-5CAF341F883E}"
EndProject
Global
	GlobalSection(SolutionConfigurationPlatforms) = preSolution
		Debug|Any CPU = Debug|Any CPU
		Release|Any CPU = Release|Any CPU
	EndGlobalSection
	GlobalSection(ProjectConfigurationPlatforms) = postSolution
		{8EF5A0A6-0259-4FEF-A8AB-E3AF5F2093EC}.Debug|Any CPU.ActiveCfg = Debug|Any CPU
		{8EF5A0A6-0259-4FEF-A8AB-E3AF5F2093EC}.Debug|Any CPU.Build.0 = Debug|Any CPU
		{8EF5A0A6-0259-4FEF-A8AB-E3AF5F2093EC}.Release|Any CPU.ActiveCfg = Release|Any CPU
		{8EF5A0A6-0259-4FEF-A8AB-E3AF5F2093EC}.Release|Any CPU.Build.0 = Release|Any CPU
		{563819C5-0C51-4218-ACA0-5CAF341F883E}.Debug|Any CPU.ActiveCfg = Debug|Any CPU
		{563819C5-0C51-4218-ACA0-5CAF341F883E}.Debug|Any CPU.Build.0 = Debug|Any CPU
		{563819C5-0C51-4218-ACA0-5CAF341F883E}.Release|Any CPU.ActiveCfg = Release|Any CPU
		{563819C5-0C51-4218-ACA0-5CAF341F883E}.Release|Any CPU.Build.0 = Release|Any CPU
	EndGlobalSection
	GlobalSection(SolutionProperties) = preSolution
		HideSolutionNode = FALSE
	EndGlobalSection
	GlobalSection(ExtensibilityGlobals) = postSolution
		SolutionGuid = {1397D041-4F26-4343-9422-2B303FEF8DAC}
	EndGlobalSection
EndGlobal
